
Microsoft Visual Studio Solution File, Format Version 12.00
# Visual Studio Version 16
VisualStudioVersion = 16.0.30406.217
MinimumVisualStudioVersion = 10.0.40219.1
Project("{9A19103F-16F7-4668-BE54-9A1E7A4F7556}") = "LexOfficeSharpApi", "LexOfficeSharpApi\LexOfficeSharpApi.csproj", "{928BD69F-6A5E-4E69-A118-661E788390D6}"
EndProject
Project("{9A19103F-16F7-4668-BE54-9A1E7A4F7556}") = "LexOfficeSharpApiTest", "LexOfficeSharpApiTest\LexOfficeSharpApiTest.csproj", "{9141EC47-21E2-4449-ABAA-C45744FC4FE9}"
EndProject
Global
	GlobalSection(SolutionConfigurationPlatforms) = preSolution
		Debug|Any CPU = Debug|Any CPU
		Release|Any CPU = Release|Any CPU
	EndGlobalSection
	GlobalSection(ProjectConfigurationPlatforms) = postSolution
		{928BD69F-6A5E-4E69-A118-661E788390D6}.Debug|Any CPU.ActiveCfg = Debug|Any CPU
		{928BD69F-6A5E-4E69-A118-661E788390D6}.Debug|Any CPU.Build.0 = Debug|Any CPU
		{928BD69F-6A5E-4E69-A118-661E788390D6}.Release|Any CPU.ActiveCfg = Release|Any CPU
		{928BD69F-6A5E-4E69-A118-661E788390D6}.Release|Any CPU.Build.0 = Release|Any CPU
		{9141EC47-21E2-4449-ABAA-C45744FC4FE9}.Debug|Any CPU.ActiveCfg = Debug|Any CPU
		{9141EC47-21E2-4449-ABAA-C45744FC4FE9}.Debug|Any CPU.Build.0 = Debug|Any CPU
		{9141EC47-21E2-4449-ABAA-C45744FC4FE9}.Release|Any CPU.ActiveCfg = Release|Any CPU
		{9141EC47-21E2-4449-ABAA-C45744FC4FE9}.Release|Any CPU.Build.0 = Release|Any CPU
	EndGlobalSection
	GlobalSection(SolutionProperties) = preSolution
		HideSolutionNode = FALSE
	EndGlobalSection
	GlobalSection(ExtensibilityGlobals) = postSolution
		SolutionGuid = {ABF3E4DE-8E10-48C4-BFE7-7616AA2FA0CB}
	EndGlobalSection
EndGlobal
